PODS:
  - IQKeyboardManager (6.5.6)
  - Nama-lite (7.1.2)
  - NEDyldYuv (0.0.1)
  - NEMeetingSDK (0.1.0):
    - Nama-lite (= 7.1.2)
    - NEDyldYuv (= 0.0.1)
    - NERtcSDK (= 3.8.1)
    - NIMSDK_LITE (~> 7.9.1)
    - Reachability
    - YYModel (~> 1.0.4)
  - NERtcSDK (3.8.1)
  - NIMSDK_LITE (7.9.1)
  - Reachability (3.2)
  - XLForm (4.1.0)
  - YYModel (1.0.4)

DEPENDENCIES:
  - IQKeyboardManager (~> 6.5.6)
  - NEMeetingSDK (from `../NEMeetingSDK`)
  - XLForm (~> 4.1.0)

SPEC REPOS:
  trunk:
    - IQKeyboardManager
    - Nama-lite
    - NEDyldYuv
    - NERtcSDK
    - NIMSDK_LITE
    - Reachability
    - XLForm
    - YYModel

EXTERNAL SOURCES:
  NEMeetingSDK:
    :path: "../NEMeetingSDK"

SPEC CHECKSUMS:
  IQKeyboardManager: 2a6e97afdafc7becf0cb17a9a8d795e3a980717f
  Nama-lite: c159bac674153b9031259db0a4ac055a960526a8
  NEDyldYuv: 6b47adff16186768bf2f8b165697fdee8e94d7ac
  NEMeetingSDK: 2f78c36fc90b0f62bc15fa5bf5e5746b2f356e2b
  NERtcSDK: f854e400a1f3dcede6f4aa1e5471820794ac3e41
  NIMSDK_LITE: a81b6f4960a905db302d791996520bd119450f53
  Reachability: 33e18b67625424e47b6cde6d202dce689ad7af96
  XLForm: 7ee02761be8a369d1ad1bbffe738b97083d94f3e
  YYModel: 2a7fdd96aaa4b86a824e26d0c517de8928c04b30

PODFILE CHECKSUM: 019d9990e09d031e35aa6e38bc262f3f94e7409d

COCOAPODS: 1.10.0
